
Microsoft Visual Studio Solution File, Format Version 12.00
# Visual Studio Version 17
VisualStudioVersion = 17.0.32014.148
MinimumVisualStudioVersion = 10.0.40219.1
Project("{FAE04EC0-301F-11D3-BF4B-00C04F79EFBC}") = "FindXlsxFilesInFolders", "FindXlsxFilesInFolders\FindXlsxFilesInFolders.csproj", "{56631D2B-A8FB-4231-AC8D-47BE8C45AF6E}"
EndProject
Global
	GlobalSection(SolutionConfigurationPlatforms) = preSolution
		Debug|Any CPU = Debug|Any CPU
		Release|Any CPU = Release|Any CPU
	EndGlobalSection
	GlobalSection(ProjectConfigurationPlatforms) = postSolution
		{56631D2B-A8FB-4231-AC8D-47BE8C45AF6E}.Debug|Any CPU.ActiveCfg = Debug|Any CPU
		{56631D2B-A8FB-4231-AC8D-47BE8C45AF6E}.Debug|Any CPU.Build.0 = Debug|Any CPU
		{56631D2B-A8FB-4231-AC8D-47BE8C45AF6E}.Release|Any CPU.ActiveCfg = Release|Any CPU
		{56631D2B-A8FB-4231-AC8D-47BE8C45AF6E}.Release|Any CPU.Build.0 = Release|Any CPU
	EndGlobalSection
	GlobalSection(SolutionProperties) = preSolution
		HideSolutionNode = FALSE
	EndGlobalSection
	GlobalSection(ExtensibilityGlobals) = postSolution
		SolutionGuid = {2D901774-3625-4D38-9423-1154D1AB075C}
	EndGlobalSection
EndGlobal
